core:changelogs:
  - content: "---\npackages:\n  npm:@minpeter/opensearch:\n    type: patch\n---\n\n## Harden abort contracts\n\n- Preserve explicit abort reasons, reject pre-aborted public calls asynchronously,\n  and keep stalled response-body cleanup cancellable.\n- Avoid starting cache generations for callers that already cancelled.\n"
    filename: abort-contract-followup.md
    v: 0.0.0
core:packages:
  - id: npm:opensearch-workspace
    updated: false
  - changelogIds:
      - abort-contract-followup.md
    id: npm:@minpeter/opensearch
    updated: true
  - id: npm:opensearch-ai-sdk
    updated: false
  - id: npm:opensearch-mcp
    updated: false
npm:packages:
  - id: npm:opensearch-workspace
  - id: npm:@minpeter/opensearch
  - id: npm:opensearch-ai-sdk
  - id: npm:opensearch-mcp
